
Microsoft Visual Studio Solution File, Format Version 10.00
# Visual Studio 2008
Project("{FAE04EC0-301F-11D3-BF4B-00C04F79EFBC}") = "Lidgren.Network2", "Lidgren.Network2\Lidgren.Network2.csproj", "{2A463F6F-7EFD-49B1-80F4-E00D66F9E61D}"
EndProject
Project("{FAE04EC0-301F-11D3-BF4B-00C04F79EFBC}") = "ChatServer", "ChatServer\ChatServer.csproj", "{9AAF076B-69B6-4191-979F-3400FBDC1800}"
EndProject
Project("{FAE04EC0-301F-11D3-BF4B-00C04F79EFBC}") = "ChatClient", "ChatClient\ChatClient.csproj", "{B975323C-5EB1-4233-99B6-CA20F0B2C1A3}"
EndProject
Global
	GlobalSection(SolutionConfigurationPlatforms) = preSolution
		Debug|Any CPU = Debug|Any CPU
		Release|Any CPU = Release|Any CPU
	EndGlobalSection
	GlobalSection(ProjectConfigurationPlatforms) = postSolution
		{2A463F6F-7EFD-49B1-80F4-E00D66F9E61D}.Debug|Any CPU.ActiveCfg = Debug|Any CPU
		{2A463F6F-7EFD-49B1-80F4-E00D66F9E61D}.Debug|Any CPU.Build.0 = Debug|Any CPU
		{2A463F6F-7EFD-49B1-80F4-E00D66F9E61D}.Release|Any CPU.ActiveCfg = Release|Any CPU
		{2A463F6F-7EFD-49B1-80F4-E00D66F9E61D}.Release|Any CPU.Build.0 = Release|Any CPU
		{9AAF076B-69B6-4191-979F-3400FBDC1800}.Debug|Any CPU.ActiveCfg = Debug|Any CPU
		{9AAF076B-69B6-4191-979F-3400FBDC1800}.Debug|Any CPU.Build.0 = Debug|Any CPU
		{9AAF076B-69B6-4191-979F-3400FBDC1800}.Release|Any CPU.ActiveCfg = Release|Any CPU
		{9AAF076B-69B6-4191-979F-3400FBDC1800}.Release|Any CPU.Build.0 = Release|Any CPU
		{B975323C-5EB1-4233-99B6-CA20F0B2C1A3}.Debug|Any CPU.ActiveCfg = Debug|Any CPU
		{B975323C-5EB1-4233-99B6-CA20F0B2C1A3}.Debug|Any CPU.Build.0 = Debug|Any CPU
		{B975323C-5EB1-4233-99B6-CA20F0B2C1A3}.Release|Any CPU.ActiveCfg = Release|Any CPU
		{B975323C-5EB1-4233-99B6-CA20F0B2C1A3}.Release|Any CPU.Build.0 = Release|Any CPU
	EndGlobalSection
	GlobalSection(SolutionProperties) = preSolution
		HideSolutionNode = FALSE
	EndGlobalSection
EndGlobal
